{
    "_readme": [
        "This file locks the dependencies of your project to a known state",
        "Read more about it at https://getcomposer.org/doc/01-basic-usage.md#installing-dependencies",
        "This file is @generated automatically"
    ],
    "content-hash": "1e6d85d0b4eb60af48c537c7ad072776",
    "packages": [
        {
            "name": "drupal/core-render",
            "version": "8.8.2",
            "source": {
                "type": "git",
                "url": "https://github.com/drupal/core-render.git",
                "reference": "d20b0afe9ca3ca768c6e828442e4cdebbb2cfeec"
            },
            "dist": {
                "type": "zip",
                "url": "https://api.github.com/repos/drupal/core-render/zipball/d20b0afe9ca3ca768c6e828442e4cdebbb2cfeec",
                "reference": "d20b0afe9ca3ca768c6e828442e4cdebbb2cfeec",
                "shasum": ""
            },
            "require": {
                "drupal/core-utility": "^8.8",
                "php": ">=7.0.8"
            },
            "type": "library",
            "autoload": {
                "psr-4": {
                    "Drupal\\Component\\Render\\": ""
                }
            },
            "notification-url": "https://packagist.org/downloads/",
            "license": [
                "GPL-2.0-or-later"
            ],
            "description": "Renders placeholder variables for HTML and plain-text display.",
            "homepage": "https://www.drupal.org/project/drupal",
            "keywords": [
                "drupal"
            ],
            "time": "2019-10-10T19:45:32+00:00"
        },
        {
            "name": "drupal/core-utility",
            "version": "8.8.2",
            "source": {
                "type": "git",
                "url": "https://github.com/drupal/core-utility.git",
                "reference": "dd70a586d5b1164f022c89d69808d60990d67c27"
            },
            "dist": {
                "type": "zip",
                "url": "https://api.github.com/repos/drupal/core-utility/zipball/dd70a586d5b1164f022c89d69808d60990d67c27",
                "reference": "dd70a586d5b1164f022c89d69808d60990d67c27",
                "shasum": ""
            },
            "require": {
                "drupal/core-render": "^8.8",
                "php": ">=7.0.8"
            },
            "type": "library",
            "autoload": {
                "psr-4": {
                    "Drupal\\Component\\Utility\\": ""
                }
            },
            "notification-url": "https://packagist.org/downloads/",
            "license": [
                "GPL-2.0-or-later"
            ],
            "description": "Mostly static utility classes for string, xss, array, image, and other commonly needed manipulations.",
            "homepage": "https://www.drupal.org/project/drupal",
            "keywords": [
                "drupal"
            ],
            "time": "2019-11-27T03:14:23+00:00"
        },
        {
            "name": "drupal/drupal-driver",
            "version": "v2.0.0",
            "source": {
                "type": "git",
                "url": "https://github.com/jhedstrom/DrupalDriver.git",
                "reference": "b648a6e80f926e59146b8a67ffe33ee0d0d8d84a"
            },
            "dist": {
                "type": "zip",
                "url": "https://api.github.com/repos/jhedstrom/DrupalDriver/zipball/b648a6e80f926e59146b8a67ffe33ee0d0d8d84a",
                "reference": "b648a6e80f926e59146b8a67ffe33ee0d0d8d84a",
                "shasum": ""
            },
            "require": {
                "drupal/core-utility": "^8.4",
                "php": ">=5.6",
                "symfony/dependency-injection": "~2.6|~3.0",
                "symfony/process": "~2.5|~3.0"
            },
            "require-dev": {
                "drupal/coder": "~8.2.0",
                "drush-ops/behat-drush-endpoint": "*",
                "jakub-onderka/php-parallel-lint": "^0.9.2",
                "mockery/mockery": "0.9.4",
                "phpspec/phpspec": "~2.0 || ~4.0",
                "phpunit/phpunit": "~4.0"
            },
            "type": "library",
            "extra": {
                "branch-alias": {
                    "dev-master": "2.0.x-dev"
                }
            },
            "autoload": {
                "psr-0": {
                    "Drupal\\Driver": "src/",
                    "Drupal\\Tests\\Driver": "tests/"
                }
            },
            "notification-url": "https://packagist.org/downloads/",
            "license": [
                "GPL-2.0-or-later"
            ],
            "authors": [
                {
                    "name": "Jonathan Hedstrom",
                    "email": "jhedstrom@gmail.com"
                }
            ],
            "description": "A collection of reusable Drupal drivers",
            "homepage": "http://github.com/jhedstrom/DrupalDriver",
            "keywords": [
                "drupal",
                "test",
                "web"
            ],
            "time": "2019-09-27T19:33:08+00:00"
        },
        {
            "name": "psr/container",
            "version": "1.0.0",
            "source": {
                "type": "git",
                "url": "https://github.com/php-fig/container.git",
                "reference": "b7ce3b176482dbbc1245ebf52b181af44c2cf55f"
            },
            "dist": {
                "type": "zip",
                "url": "https://api.github.com/repos/php-fig/container/zipball/b7ce3b176482dbbc1245ebf52b181af44c2cf55f",
                "reference": "b7ce3b176482dbbc1245ebf52b181af44c2cf55f",
                "shasum": ""
            },
            "require": {
                "php": ">=5.3.0"
            },
            "type": "library",
            "extra": {
                "branch-alias": {
                    "dev-master": "1.0.x-dev"
                }
            },
            "autoload": {
                "psr-4": {
                    "Psr\\Container\\": "src/"
                }
            },
            "notification-url": "https://packagist.org/downloads/",
            "license": [
                "MIT"
            ],
            "authors": [
                {
                    "name": "PHP-FIG",
                    "homepage": "http://www.php-fig.org/"
                }
            ],
            "description": "Common Container Interface (PHP FIG PSR-11)",
            "homepage": "https://github.com/php-fig/container",
            "keywords": [
                "PSR-11",
                "container",
                "container-interface",
                "container-interop",
                "psr"
            ],
            "time": "2017-02-14T16:28:37+00:00"
        },
        {
            "name": "symfony/dependency-injection",
            "version": "v3.4.37",
            "source": {
                "type": "git",
                "url": "https://github.com/symfony/dependency-injection.git",
                "reference": "22000f10c9e1cfef051e8b4de46815b41a0223fc"
            },
            "dist": {
                "type": "zip",
                "url": "https://api.github.com/repos/symfony/dependency-injection/zipball/22000f10c9e1cfef051e8b4de46815b41a0223fc",
                "reference": "22000f10c9e1cfef051e8b4de46815b41a0223fc",
                "shasum": ""
            },
            "require": {
                "php": "^5.5.9|>=7.0.8",
                "psr/container": "^1.0"
            },
            "conflict": {
                "symfony/config": "<3.3.7",
                "symfony/finder": "<3.3",
                "symfony/proxy-manager-bridge": "<3.4",
                "symfony/yaml": "<3.4"
            },
            "provide": {
                "psr/container-implementation": "1.0"
            },
            "require-dev": {
                "symfony/config": "~3.3|~4.0",
                "symfony/expression-language": "~2.8|~3.0|~4.0",
                "symfony/yaml": "~3.4|~4.0"
            },
            "suggest": {
                "symfony/config": "",
                "symfony/expression-language": "For using expressions in service container configuration",
                "symfony/finder": "For using double-star glob patterns or when GLOB_BRACE portability is required",
                "symfony/proxy-manager-bridge": "Generate service proxies to lazy load them",
                "symfony/yaml": ""
            },
            "type": "library",
            "extra": {
                "branch-alias": {
                    "dev-master": "3.4-dev"
                }
            },
            "autoload": {
                "psr-4": {
                    "Symfony\\Component\\DependencyInjection\\": ""
                },
                "exclude-from-classmap": [
                    "/Tests/"
                ]
            },
            "notification-url": "https://packagist.org/downloads/",
            "license": [
                "MIT"
            ],
            "authors": [
                {
                    "name": "Fabien Potencier",
                    "email": "fabien@symfony.com"
                },
                {
                    "name": "Symfony Community",
                    "homepage": "https://symfony.com/contributors"
                }
            ],
            "description": "Symfony DependencyInjection Component",
            "homepage": "https://symfony.com",
            "time": "2020-01-08T11:20:51+00:00"
        },
        {
            "name": "symfony/process",
            "version": "v3.4.37",
            "source": {
                "type": "git",
                "url": "https://github.com/symfony/process.git",
                "reference": "5b9d2bcffe4678911a4c941c00b7c161252cf09a"
            },
            "dist": {
                "type": "zip",
                "url": "https://api.github.com/repos/symfony/process/zipball/5b9d2bcffe4678911a4c941c00b7c161252cf09a",
                "reference": "5b9d2bcffe4678911a4c941c00b7c161252cf09a",
                "shasum": ""
            },
            "require": {
                "php": "^5.5.9|>=7.0.8"
            },
            "type": "library",
            "extra": {
                "branch-alias": {
                    "dev-master": "3.4-dev"
                }
            },
            "autoload": {
                "psr-4": {
                    "Symfony\\Component\\Process\\": ""
                },
                "exclude-from-classmap": [
                    "/Tests/"
                ]
            },
            "notification-url": "https://packagist.org/downloads/",
            "license": [
                "MIT"
            ],
            "authors": [
                {
                    "name": "Fabien Potencier",
                    "email": "fabien@symfony.com"
                },
                {
                    "name": "Symfony Community",
                    "homepage": "https://symfony.com/contributors"
                }
            ],
            "description": "Symfony Process Component",
            "homepage": "https://symfony.com",
            "time": "2020-01-01T11:03:25+00:00"
        }
    ],
    "packages-dev": [],
    "aliases": [],
    "minimum-stability": "stable",
    "stability-flags": [],
    "prefer-stable": false,
    "prefer-lowest": false,
    "platform": {
        "php": ">=5.3.0"
    },
    "platform-dev": []
}
